// !$*UTF8*$!
{
	archiveVersion = 1;
	classes = {
	};
	objectVersion = 56;
	objects = {

/* Begin PBXBuildFile section */
		2B95966B2A627F7900C58E72 /* QuizApp.swift in Sources */ = {isa = PBXBuildFile; fileRef = 2B95966A2A627F7900C58E72 /* QuizApp.swift */; };
		2B95966D2A627F7900C58E72 /* ContentView.swift in Sources */ = {isa = PBXBuildFile; fileRef = 2B95966C2A627F7900C58E72 /* ContentView.swift */; };
		2B95966F2A627F7B00C58E72 /* Assets.xcassets in Resources */ = {isa = PBXBuildFile; fileRef = 2B95966E2A627F7B00C58E72 /* Assets.xcassets */; };
		2B9596722A627F7B00C58E72 /* Preview Assets.xcassets in Resources */ = {isa = PBXBuildFile; fileRef = 2B9596712A627F7B00C58E72 /* Preview Assets.xcassets */; };
		2B95967C2A627F7B00C58E72 /* QuizTests.swift in Sources */ = {isa = PBXBuildFile; fileRef = 2B95967B2A627F7B00C58E72 /* QuizTests.swift */; };
		2B9596862A627F7B00C58E72 /* QuizUITests.swift in Sources */ = {isa = PBXBuildFile; fileRef = 2B9596852A627F7B00C58E72 /* QuizUITests.swift */; };
		2B9596882A627F7B00C58E72 /* QuizUITestsLaunchTests.swift in Sources */ = {isa = PBXBuildFile; fileRef = 2B9596872A627F7B00C58E72 /* QuizUITestsLaunchTests.swift */; };
		2B9596962A6281B000C58E72 /* PrimaryButton.swift in Sources */ = {isa = PBXBuildFile; fileRef = 2B9596952A6281B000C58E72 /* PrimaryButton.swift */; };
		2B9596992A62853E00C58E72 /* Extensions.swift in Sources */ = {isa = PBXBuildFile; fileRef = 2B9596982A62853E00C58E72 /* Extensions.swift */; };
		2B95969B2A6285CB00C58E72 /* QuestionView.swift in Sources */ = {isa = PBXBuildFile; fileRef = 2B95969A2A6285CB00C58E72 /* QuestionView.swift */; };
		2B95969D2A62865700C58E72 /* ProgressBar.swift in Sources */ = {isa = PBXBuildFile; fileRef = 2B95969C2A62865700C58E72 /* ProgressBar.swift */; };
		2B9596A02A62912700C58E72 /* Answer.swift in Sources */ = {isa = PBXBuildFile; fileRef = 2B95969F2A62912700C58E72 /* Answer.swift */; };
		2B9596A22A6291DA00C58E72 /* AnswerRow.swift in Sources */ = {isa = PBXBuildFile; fileRef = 2B9596A12A6291DA00C58E72 /* AnswerRow.swift */; };
		2B9596A42A62EAC900C58E72 /* TriviaView.swift in Sources */ = {isa = PBXBuildFile; fileRef = 2B9596A32A62EAC900C58E72 /* TriviaView.swift */; };
		2B9596A62A62EBE500C58E72 /* Trivia.swift in Sources */ = {isa = PBXBuildFile; fileRef = 2B9596A52A62EBE400C58E72 /* Trivia.swift */; };
		2B9596A82A62EEEA00C58E72 /* TriviaManager.swift in Sources */ = {isa = PBXBuildFile; fileRef = 2B9596A72A62EEEA00C58E72 /* TriviaManager.swift */; };
/* End PBXBuildFile section */

/* Begin PBXContainerItemProxy section */
		2B9596782A627F7B00C58E72 /* PBXContainerItemProxy */ = {
			isa = PBXContainerItemProxy;
			containerPortal = 2B95965F2A627F7900C58E72 /* Project object */;
			proxyType = 1;
			remoteGlobalIDString = 2B9596662A627F7900C58E72;
			remoteInfo = Quiz;
		};
		2B9596822A627F7B00C58E72 /* PBXContainerItemProxy */ = {
			isa = PBXContainerItemProxy;
			containerPortal = 2B95965F2A627F7900C58E72 /* Project object */;
			proxyType = 1;
			remoteGlobalIDString = 2B9596662A627F7900C58E72;
			remoteInfo = Quiz;
		};
/* End PBXContainerItemProxy section */

/* Begin PBXFileReference section */
		2B9596672A627F7900C58E72 /* Quiz.app */ = {isa = PBXFileReference; explicitFileType = wrapper.application; includeInIndex = 0; path = Quiz.app; sourceTree = BUILT_PRODUCTS_DIR; };
		2B95966A2A627F7900C58E72 /* QuizApp.swift */ = {isa = PBXFileReference; lastKnownFileType = sourcecode.swift; path = QuizApp.swift; sourceTree = "<group>"; };
		2B95966C2A627F7900C58E72 /* ContentView.swift */ = {isa = PBXFileReference; lastKnownFileType = sourcecode.swift; path = ContentView.swift; sourceTree = "<group>"; };
		2B95966E2A627F7B00C58E72 /* Assets.xcassets */ = {isa = PBXFileReference; lastKnownFileType = folder.assetcatalog; path = Assets.xcassets; sourceTree = "<group>"; };
		2B9596712A627F7B00C58E72 /* Preview Assets.xcassets */ = {isa = PBXFileReference; lastKnownFileType = folder.assetcatalog; path = "Preview Assets.xcassets"; sourceTree = "<group>"; };
		2B9596772A627F7B00C58E72 /* QuizTests.xctest */ = {isa = PBXFileReference; explicitFileType = wrapper.cfbundle; includeInIndex = 0; path = QuizTests.xctest; sourceTree = BUILT_PRODUCTS_DIR; };
		2B95967B2A627F7B00C58E72 /* QuizTests.swift */ = {isa = PBXFileReference; lastKnownFileType = sourcecode.swift; path = QuizTests.swift; sourceTree = "<group>"; };
		2B9596812A627F7B00C58E72 /* QuizUITests.xctest */ = {isa = PBXFileReference; explicitFileType = wrapper.cfbundle; includeInIndex = 0; path = QuizUITests.xctest; sourceTree = BUILT_PRODUCTS_DIR; };
		2B9596852A627F7B00C58E72 /* QuizUITests.swift */ = {isa = PBXFileReference; lastKnownFileType = sourcecode.swift; path = QuizUITests.swift; sourceTree = "<group>"; };
		2B9596872A627F7B00C58E72 /* QuizUITestsLaunchTests.swift */ = {isa = PBXFileReference; lastKnownFileType = sourcecode.swift; path = QuizUITestsLaunchTests.swift; sourceTree = "<group>"; };
		2B9596952A6281B000C58E72 /* PrimaryButton.swift */ = {isa = PBXFileReference; lastKnownFileType = sourcecode.swift; path = PrimaryButton.swift; sourceTree = "<group>"; };
		2B9596982A62853E00C58E72 /* Extensions.swift */ = {isa = PBXFileReference; lastKnownFileType = sourcecode.swift; path = Extensions.swift; sourceTree = "<group>"; };
		2B95969A2A6285CB00C58E72 /* QuestionView.swift */ = {isa = PBXFileReference; lastKnownFileType = sourcecode.swift; path = QuestionView.swift; sourceTree = "<group>"; };
		2B95969C2A62865700C58E72 /* ProgressBar.swift */ = {isa = PBXFileReference; lastKnownFileType = sourcecode.swift; path = ProgressBar.swift; sourceTree = "<group>"; };
		2B95969F2A62912700C58E72 /* Answer.swift */ = {isa = PBXFileReference; lastKnownFileType = sourcecode.swift; path = Answer.swift; sourceTree = "<group>"; };
		2B9596A12A6291DA00C58E72 /* AnswerRow.swift */ = {isa = PBXFileReference; lastKnownFileType = sourcecode.swift; path = AnswerRow.swift; sourceTree = "<group>"; };
		2B9596A32A62EAC900C58E72 /* TriviaView.swift */ = {isa = PBXFileReference; lastKnownFileType = sourcecode.swift; path = TriviaView.swift; sourceTree = "<group>"; };
		2B9596A52A62EBE400C58E72 /* Trivia.swift */ = {isa = PBXFileReference; lastKnownFileType = sourcecode.swift; path = Trivia.swift; sourceTree = "<group>"; };
		2B9596A72A62EEEA00C58E72 /* TriviaManager.swift */ = {isa = PBXFileReference; lastKnownFileType = sourcecode.swift; path = TriviaManager.swift; sourceTree = "<group>"; };
/* End PBXFileReference section */

/* Begin PBXFrameworksBuildPhase section */
		2B9596642A627F7900C58E72 /* Frameworks */ = {
			isa = PBXFrameworksBuildPhase;
			buildActionMask = 2147483647;
			files = (
			);
			runOnlyForDeploymentPostprocessing = 0;
		};
		2B9596742A627F7B00C58E72 /* Frameworks */ = {
			isa = PBXFrameworksBuildPhase;
			buildActionMask = 2147483647;
			files = (
			);
			runOnlyForDeploymentPostprocessing = 0;
		};
		2B95967E2A627F7B00C58E72 /* Frameworks */ = {
			isa = PBXFrameworksBuildPhase;
			buildActionMask = 2147483647;
			files = (
			);
			runOnlyForDeploymentPostprocessing = 0;
		};
/* End PBXFrameworksBuildPhase section */

/* Begin PBXGroup section */
		2B95965E2A627F7900C58E72 = {
			isa = PBXGroup;
			children = (
				2B9596692A627F7900C58E72 /* Quiz */,
				2B95967A2A627F7B00C58E72 /* QuizTests */,
				2B9596842A627F7B00C58E72 /* QuizUITests */,
				2B9596682A627F7900C58E72 /* Products */,
			);
			sourceTree = "<group>";
		};
		2B9596682A627F7900C58E72 /* Products */ = {
			isa = PBXGroup;
			children = (
				2B9596672A627F7900C58E72 /* Quiz.app */,
				2B9596772A627F7B00C58E72 /* QuizTests.xctest */,
				2B9596812A627F7B00C58E72 /* QuizUITests.xctest */,
			);
			name = Products;
			sourceTree = "<group>";
		};
		2B9596692A627F7900C58E72 /* Quiz */ = {
			isa = PBXGroup;
			children = (
				2B95969E2A62904900C58E72 /* Models */,
				2B9596972A6282BF00C58E72 /* Views */,
				2B9596942A62819F00C58E72 /* Components */,
				2B95966A2A627F7900C58E72 /* QuizApp.swift */,
				2B95966E2A627F7B00C58E72 /* Assets.xcassets */,
				2B9596702A627F7B00C58E72 /* Preview Content */,
				2B9596982A62853E00C58E72 /* Extensions.swift */,
				2B9596A72A62EEEA00C58E72 /* TriviaManager.swift */,
			);
			path = Quiz;
			sourceTree = "<group>";
		};
		2B9596702A627F7B00C58E72 /* Preview Content */ = {
			isa = PBXGroup;
			children = (
				2B9596712A627F7B00C58E72 /* Preview Assets.xcassets */,
			);
			path = "Preview Content";
			sourceTree = "<group>";
		};
		2B95967A2A627F7B00C58E72 /* QuizTests */ = {
			isa = PBXGroup;
			children = (
				2B95967B2A627F7B00C58E72 /* QuizTests.swift */,
			);
			path = QuizTests;
			sourceTree = "<group>";
		};
		2B9596842A627F7B00C58E72 /* QuizUITests */ = {
			isa = PBXGroup;
			children = (
				2B9596852A627F7B00C58E72 /* QuizUITests.swift */,
				2B9596872A627F7B00C58E72 /* QuizUITestsLaunchTests.swift */,
			);
			path = QuizUITests;
			sourceTree = "<group>";
		};
		2B9596942A62819F00C58E72 /* Components */ = {
			isa = PBXGroup;
			children = (
				2B9596952A6281B000C58E72 /* PrimaryButton.swift */,
				2B95969C2A62865700C58E72 /* ProgressBar.swift */,
				2B9596A12A6291DA00C58E72 /* AnswerRow.swift */,
			);
			path = Components;
			sourceTree = "<group>";
		};
		2B9596972A6282BF00C58E72 /* Views */ = {
			isa = PBXGroup;
			children = (
				2B95966C2A627F7900C58E72 /* ContentView.swift */,
				2B95969A2A6285CB00C58E72 /* QuestionView.swift */,
				2B9596A32A62EAC900C58E72 /* TriviaView.swift */,
			);
			path = Views;
			sourceTree = "<group>";
		};
		2B95969E2A62904900C58E72 /* Models */ = {
			isa = PBXGroup;
			children = (
				2B95969F2A62912700C58E72 /* Answer.swift */,
				2B9596A52A62EBE400C58E72 /* Trivia.swift */,
			);
			path = Models;
			sourceTree = "<group>";
		};
/* End PBXGroup section */

/* Begin PBXNativeTarget section */
		2B9596662A627F7900C58E72 /* Quiz */ = {
			isa = PBXNativeTarget;
			buildConfigurationList = 2B95968B2A627F7B00C58E72 /* Build configuration list for PBXNativeTarget "Quiz" */;
			buildPhases = (
				2B9596632A627F7900C58E72 /* Sources */,
				2B9596642A627F7900C58E72 /* Frameworks */,
				2B9596652A627F7900C58E72 /* Resources */,
			);
			buildRules = (
			);
			dependencies = (
			);
			name = Quiz;
			productName = Quiz;
			productReference = 2B9596672A627F7900C58E72 /* Quiz.app */;
			productType = "com.apple.product-type.application";
		};
		2B9596762A627F7B00C58E72 /* QuizTests */ = {
			isa = PBXNativeTarget;
			buildConfigurationList = 2B95968E2A627F7B00C58E72 /* Build configuration list for PBXNativeTarget "QuizTests" */;
			buildPhases = (
				2B9596732A627F7B00C58E72 /* Sources */,
				2B9596742A627F7B00C58E72 /* Frameworks */,
				2B9596752A627F7B00C58E72 /* Resources */,
			);
			buildRules = (
			);
			dependencies = (
				2B9596792A627F7B00C58E72 /* PBXTargetDependency */,
			);
			name = QuizTests;
			productName = QuizTests;
			productReference = 2B9596772A627F7B00C58E72 /* QuizTests.xctest */;
			productType = "com.apple.product-type.bundle.unit-test";
		};
		2B9596802A627F7B00C58E72 /* QuizUITests */ = {
			isa = PBXNativeTarget;
			buildConfigurationList = 2B9596912A627F7B00C58E72 /* Build configuration list for PBXNativeTarget "QuizUITests" */;
			buildPhases = (
				2B95967D2A627F7B00C58E72 /* Sources */,
				2B95967E2A627F7B00C58E72 /* Frameworks */,
				2B95967F2A627F7B00C58E72 /* Resources */,
			);
			buildRules = (
			);
			dependencies = (
				2B9596832A627F7B00C58E72 /* PBXTargetDependency */,
			);
			name = QuizUITests;
			productName = QuizUITests;
			productReference = 2B9596812A627F7B00C58E72 /* QuizUITests.xctest */;
			productType = "com.apple.product-type.bundle.ui-testing";
		};
/* End PBXNativeTarget section */

/* Begin PBXProject section */
		2B95965F2A627F7900C58E72 /* Project object */ = {
			isa = PBXProject;
			attributes = {
				BuildIndependentTargetsInParallel = 1;
				LastSwiftUpdateCheck = 1500;
				LastUpgradeCheck = 1500;
				TargetAttributes = {
					2B9596662A627F7900C58E72 = {
						CreatedOnToolsVersion = 15.0;
					};
					2B9596762A627F7B00C58E72 = {
						CreatedOnToolsVersion = 15.0;
						TestTargetID = 2B9596662A627F7900C58E72;
					};
					2B9596802A627F7B00C58E72 = {
						CreatedOnToolsVersion = 15.0;
						TestTargetID = 2B9596662A627F7900C58E72;
					};
				};
			};
			buildConfigurationList = 2B9596622A627F7900C58E72 /* Build configuration list for PBXProject "Quiz" */;
			compatibilityVersion = "Xcode 14.0";
			developmentRegion = en;
			hasScannedForEncodings = 0;
			knownRegions = (
				en,
				Base,
			);
			mainGroup = 2B95965E2A627F7900C58E72;
			productRefGroup = 2B9596682A627F7900C58E72 /* Products */;
			projectDirPath = "";
			projectRoot = "";
			targets = (
				2B9596662A627F7900C58E72 /* Quiz */,
				2B9596762A627F7B00C58E72 /* QuizTests */,
				2B9596802A627F7B00C58E72 /* QuizUITests */,
			);
		};
/* End PBXProject section */

/* Begin PBXResourcesBuildPhase section */
		2B9596652A627F7900C58E72 /* Resources */ = {
			isa = PBXResourcesBuildPhase;
			buildActionMask = 2147483647;
			files = (
				2B9596722A627F7B00C58E72 /* Preview Assets.xcassets in Resources */,
				2B95966F2A627F7B00C58E72 /* Assets.xcassets in Resources */,
			);
			runOnlyForDeploymentPostprocessing = 0;
		};
		2B9596752A627F7B00C58E72 /* Resources */ = {
			isa = PBXResourcesBuildPhase;
			buildActionMask = 2147483647;
			files = (
			);
			runOnlyForDeploymentPostprocessing = 0;
		};
		2B95967F2A627F7B00C58E72 /* Resources */ = {
			isa = PBXResourcesBuildPhase;
			buildActionMask = 2147483647;
			files = (
			);
			runOnlyForDeploymentPostprocessing = 0;
		};
/* End PBXResourcesBuildPhase section */

/* Begin PBXSourcesBuildPhase section */
		2B9596632A627F7900C58E72 /* Sources */ = {
			isa = PBXSourcesBuildPhase;
			buildActionMask = 2147483647;
			files = (
				2B95969B2A6285CB00C58E72 /* QuestionView.swift in Sources */,
				2B9596A42A62EAC900C58E72 /* TriviaView.swift in Sources */,
				2B9596A62A62EBE500C58E72 /* Trivia.swift in Sources */,
				2B9596962A6281B000C58E72 /* PrimaryButton.swift in Sources */,
				2B9596A82A62EEEA00C58E72 /* TriviaManager.swift in Sources */,
				2B9596A22A6291DA00C58E72 /* AnswerRow.swift in Sources */,
				2B95966D2A627F7900C58E72 /* ContentView.swift in Sources */,
				2B9596A02A62912700C58E72 /* Answer.swift in Sources */,
				2B95966B2A627F7900C58E72 /* QuizApp.swift in Sources */,
				2B95969D2A62865700C58E72 /* ProgressBar.swift in Sources */,
				2B9596992A62853E00C58E72 /* Extensions.swift in Sources */,
			);
			runOnlyForDeploymentPostprocessing = 0;
		};
		2B9596732A627F7B00C58E72 /* Sources */ = {
			isa = PBXSourcesBuildPhase;
			buildActionMask = 2147483647;
			files = (
				2B95967C2A627F7B00C58E72 /* QuizTests.swift in Sources */,
			);
			runOnlyForDeploymentPostprocessing = 0;
		};
		2B95967D2A627F7B00C58E72 /* Sources */ = {
			isa = PBXSourcesBuildPhase;
			buildActionMask = 2147483647;
			files = (
				2B9596862A627F7B00C58E72 /* QuizUITests.swift in Sources */,
				2B9596882A627F7B00C58E72 /* QuizUITestsLaunchTests.swift in Sources */,
			);
			runOnlyForDeploymentPostprocessing = 0;
		};
/* End PBXSourcesBuildPhase section */

/* Begin PBXTargetDependency section */
		2B9596792A627F7B00C58E72 /* PBXTargetDependency */ = {
			isa = PBXTargetDependency;
			target = 2B9596662A627F7900C58E72 /* Quiz */;
			targetProxy = 2B9596782A627F7B00C58E72 /* PBXContainerItemProxy */;
		};
		2B9596832A627F7B00C58E72 /* PBXTargetDependency */ = {
			isa = PBXTargetDependency;
			target = 2B9596662A627F7900C58E72 /* Quiz */;
			targetProxy = 2B9596822A627F7B00C58E72 /* PBXContainerItemProxy */;
		};
/* End PBXTargetDependency section */

/* Begin XCBuildConfiguration section */
		2B9596892A627F7B00C58E72 /* Debug */ = {
			isa = XCBuildConfiguration;
			buildSettings = {
				ALWAYS_SEARCH_USER_PATHS = NO;
				ASSETCATALOG_COMPILER_GENERATE_SWIFT_ASSET_SYMBOL_EXTENSIONS = YES;
				CLANG_ANALYZER_NONNULL = YES;
				CLANG_ANALYZER_NUMBER_OBJECT_CONVERSION = YES_AGGRESSIVE;
				CLANG_CXX_LANGUAGE_STANDARD = "gnu++20";
				CLANG_ENABLE_MODULES = YES;
				CLANG_ENABLE_OBJC_ARC = YES;
				CLANG_ENABLE_OBJC_WEAK = YES;
				CLANG_WARN_BLOCK_CAPTURE_AUTORELEASING = YES;
				CLANG_WARN_BOOL_CONVERSION = YES;
				CLANG_WARN_COMMA = YES;
				CLANG_WARN_CONSTANT_CONVERSION = YES;
				CLANG_WARN_DEPRECATED_OBJC_IMPLEMENTATIONS = YES;
				CLANG_WARN_DIRECT_OBJC_ISA_USAGE = YES_ERROR;
				CLANG_WARN_DOCUMENTATION_COMMENTS = YES;
				CLANG_WARN_EMPTY_BODY = YES;
				CLANG_WARN_ENUM_CONVERSION = YES;
				CLANG_WARN_INFINITE_RECURSION = YES;
				CLANG_WARN_INT_CONVERSION = YES;
				CLANG_WARN_NON_LITERAL_NULL_CONVERSION = YES;
				CLANG_WARN_OBJC_IMPLICIT_RETAIN_SELF = YES;
				CLANG_WARN_OBJC_LITERAL_CONVERSION = YES;
				CLANG_WARN_OBJC_ROOT_CLASS = YES_ERROR;
				CLANG_WARN_QUOTED_INCLUDE_IN_FRAMEWORK_HEADER = YES;
				CLANG_WARN_RANGE_LOOP_ANALYSIS = YES;
				CLANG_WARN_STRICT_PROTOTYPES = YES;
				CLANG_WARN_SUSPICIOUS_MOVE = YES;
				CLANG_WARN_UNGUARDED_AVAILABILITY = YES_AGGRESSIVE;
				CLANG_WARN_UNREACHABLE_CODE = YES;
				CLANG_WARN__DUPLICATE_METHOD_MATCH = YES;
				COPY_PHASE_STRIP = NO;
				DEBUG_INFORMATION_FORMAT = dwarf;
				ENABLE_STRICT_OBJC_MSGSEND = YES;
				ENABLE_TESTABILITY = YES;
				ENABLE_USER_SCRIPT_SANDBOXING = YES;
				GCC_C_LANGUAGE_STANDARD = gnu17;
				GCC_DYNAMIC_NO_PIC = NO;
				GCC_NO_COMMON_BLOCKS = YES;
				GCC_OPTIMIZATION_LEVEL = 0;
				GCC_PREPROCESSOR_DEFINITIONS = (
					"DEBUG=1",
					"$(inherited)",
				);
				GCC_WARN_64_TO_32_BIT_CONVERSION = YES;
				GCC_WARN_ABOUT_RETURN_TYPE = YES_ERROR;
				GCC_WARN_UNDECLARED_SELECTOR = YES;
				GCC_WARN_UNINITIALIZED_AUTOS = YES_AGGRESSIVE;
				GCC_WARN_UNUSED_FUNCTION = YES;
				GCC_WARN_UNUSED_VARIABLE = YES;
				IPHONEOS_DEPLOYMENT_TARGET = 17.0;
				LOCALIZATION_PREFERS_STRING_CATALOGS = YES;
				MTL_ENABLE_DEBUG_INFO = INCLUDE_SOURCE;
				MTL_FAST_MATH = YES;
				ONLY_ACTIVE_ARCH = YES;
				SDKROOT = iphoneos;
				SWIFT_ACTIVE_COMPILATION_CONDITIONS = "DEBUG $(inherited)";
				SWIFT_OPTIMIZATION_LEVEL = "-Onone";
			};
			name = Debug;
		};
		2B95968A2A627F7B00C58E72 /* Release */ = {
			isa = XCBuildConfiguration;
			buildSettings = {
				ALWAYS_SEARCH_USER_PATHS = NO;
				ASSETCATALOG_COMPILER_GENERATE_SWIFT_ASSET_SYMBOL_EXTENSIONS = YES;
				CLANG_ANALYZER_NONNULL = YES;
				CLANG_ANALYZER_NUMBER_OBJECT_CONVERSION = YES_AGGRESSIVE;
				CLANG_CXX_LANGUAGE_STANDARD = "gnu++20";
				CLANG_ENABLE_MODULES = YES;
				CLANG_ENABLE_OBJC_ARC = YES;
				CLANG_ENABLE_OBJC_WEAK = YES;
				CLANG_WARN_BLOCK_CAPTURE_AUTORELEASING = YES;
				CLANG_WARN_BOOL_CONVERSION = YES;
				CLANG_WARN_COMMA = YES;
				CLANG_WARN_CONSTANT_CONVERSION = YES;
				CLANG_WARN_DEPRECATED_OBJC_IMPLEMENTATIONS = YES;
				CLANG_WARN_DIRECT_OBJC_ISA_USAGE = YES_ERROR;
				CLANG_WARN_DOCUMENTATION_COMMENTS = YES;
				CLANG_WARN_EMPTY_BODY = YES;
				CLANG_WARN_ENUM_CONVERSION = YES;
				CLANG_WARN_INFINITE_RECURSION = YES;
				CLANG_WARN_INT_CONVERSION = YES;
				CLANG_WARN_NON_LITERAL_NULL_CONVERSION = YES;
				CLANG_WARN_OBJC_IMPLICIT_RETAIN_SELF = YES;
				CLANG_WARN_OBJC_LITERAL_CONVERSION = YES;
				CLANG_WARN_OBJC_ROOT_CLASS = YES_ERROR;
				CLANG_WARN_QUOTED_INCLUDE_IN_FRAMEWORK_HEADER = YES;
				CLANG_WARN_RANGE_LOOP_ANALYSIS = YES;
				CLANG_WARN_STRICT_PROTOTYPES = YES;
				CLANG_WARN_SUSPICIOUS_MOVE = YES;
				CLANG_WARN_UNGUARDED_AVAILABILITY = YES_AGGRESSIVE;
				CLANG_WARN_UNREACHABLE_CODE = YES;
				CLANG_WARN__DUPLICATE_METHOD_MATCH = YES;
				COPY_PHASE_STRIP = NO;
				DEBUG_INFORMATION_FORMAT = "dwarf-with-dsym";
				ENABLE_NS_ASSERTIONS = NO;
				ENABLE_STRICT_OBJC_MSGSEND = YES;
				ENABLE_USER_SCRIPT_SANDBOXING = YES;
				GCC_C_LANGUAGE_STANDARD = gnu17;
				GCC_NO_COMMON_BLOCKS = YES;
				GCC_WARN_64_TO_32_BIT_CONVERSION = YES;
				GCC_WARN_ABOUT_RETURN_TYPE = YES_ERROR;
				GCC_WARN_UNDECLARED_SELECTOR = YES;
				GCC_WARN_UNINITIALIZED_AUTOS = YES_AGGRESSIVE;
				GCC_WARN_UNUSED_FUNCTION = YES;
				GCC_WARN_UNUSED_VARIABLE = YES;
				IPHONEOS_DEPLOYMENT_TARGET = 17.0;
				LOCALIZATION_PREFERS_STRING_CATALOGS = YES;
				MTL_ENABLE_DEBUG_INFO = NO;
				MTL_FAST_MATH = YES;
				SDKROOT = iphoneos;
				SWIFT_COMPILATION_MODE = wholemodule;
				VALIDATE_PRODUCT = YES;
			};
			name = Release;
		};
		2B95968C2A627F7B00C58E72 /* Debug */ = {
			isa = XCBuildConfiguration;
			buildSettings = {
				ASSETCATALOG_COMPILER_APPICON_NAME = AppIcon;
				ASSETCATALOG_COMPILER_GLOBAL_ACCENT_COLOR_NAME = AccentColor;
				CODE_SIGN_STYLE = Automatic;
				CURRENT_PROJECT_VERSION = 1;
				DEVELOPMENT_ASSET_PATHS = "\"Quiz/Preview Content\"";
				ENABLE_PREVIEWS = YES;
				GENERATE_INFOPLIST_FILE = YES;
				INFOPLIST_KEY_UIApplicationSceneManifest_Generation = YES;
				INFOPLIST_KEY_UIApplicationSupportsIndirectInputEvents = YES;
				INFOPLIST_KEY_UILaunchScreen_Generation = YES;
				INFOPLIST_KEY_UISupportedInterfaceOrientations_iPad = "UIInterfaceOrientationPortrait UIInterfaceOrientationPortraitUpsideDown UIInterfaceOrientationLandscapeLeft UIInterfaceOrientationLandscapeRight";
				INFOPLIST_KEY_UISupportedInterfaceOrientations_iPhone = "UIInterfaceOrientationPortrait UIInterfaceOrientationLandscapeLeft UIInterfaceOrientationLandscapeRight";
				LD_RUNPATH_SEARCH_PATHS = (
					"$(inherited)",
					"@executable_path/Frameworks",
				);
				MARKETING_VERSION = 1.0;
				PRODUCT_BUNDLE_IDENTIFIER = org.Quiz;
				PRODUCT_NAME = "$(TARGET_NAME)";
				SWIFT_EMIT_LOC_STRINGS = YES;
				SWIFT_VERSION = 5.0;
				TARGETED_DEVICE_FAMILY = "1,2";
			};
			name = Debug;
		};
		2B95968D2A627F7B00C58E72 /* Release */ = {
			isa = XCBuildConfiguration;
			buildSettings = {
				ASSETCATALOG_COMPILER_APPICON_NAME = AppIcon;
				ASSETCATALOG_COMPILER_GLOBAL_ACCENT_COLOR_NAME = AccentColor;
				CODE_SIGN_STYLE = Automatic;
				CURRENT_PROJECT_VERSION = 1;
				DEVELOPMENT_ASSET_PATHS = "\"Quiz/Preview Content\"";
				ENABLE_PREVIEWS = YES;
				GENERATE_INFOPLIST_FILE = YES;
				INFOPLIST_KEY_UIApplicationSceneManifest_Generation = YES;
				INFOPLIST_KEY_UIApplicationSupportsIndirectInputEvents = YES;
				INFOPLIST_KEY_UILaunchScreen_Generation = YES;
				INFOPLIST_KEY_UISupportedInterfaceOrientations_iPad = "UIInterfaceOrientationPortrait UIInterfaceOrientationPortraitUpsideDown UIInterfaceOrientationLandscapeLeft UIInterfaceOrientationLandscapeRight";
				INFOPLIST_KEY_UISupportedInterfaceOrientations_iPhone = "UIInterfaceOrientationPortrait UIInterfaceOrientationLandscapeLeft UIInterfaceOrientationLandscapeRight";
				LD_RUNPATH_SEARCH_PATHS = (
					"$(inherited)",
					"@executable_path/Frameworks",
				);
				MARKETING_VERSION = 1.0;
				PRODUCT_BUNDLE_IDENTIFIER = org.Quiz;
				PRODUCT_NAME = "$(TARGET_NAME)";
				SWIFT_EMIT_LOC_STRINGS = YES;
				SWIFT_VERSION = 5.0;
				TARGETED_DEVICE_FAMILY = "1,2";
			};
			name = Release;
		};
		2B95968F2A627F7B00C58E72 /* Debug */ = {
			isa = XCBuildConfiguration;
			buildSettings = {
				ALWAYS_EMBED_SWIFT_STANDARD_LIBRARIES = YES;
				BUNDLE_LOADER = "$(TEST_HOST)";
				CODE_SIGN_STYLE = Automatic;
				CURRENT_PROJECT_VERSION = 1;
				GENERATE_INFOPLIST_FILE = YES;
				IPHONEOS_DEPLOYMENT_TARGET = 17.0;
				MARKETING_VERSION = 1.0;
				PRODUCT_BUNDLE_IDENTIFIER = org.QuizTests;
				PRODUCT_NAME = "$(TARGET_NAME)";
				SWIFT_EMIT_LOC_STRINGS = NO;
				SWIFT_VERSION = 5.0;
				TARGETED_DEVICE_FAMILY = "1,2";
				TEST_HOST = "$(BUILT_PRODUCTS_DIR)/Quiz.app/$(BUNDLE_EXECUTABLE_FOLDER_PATH)/Quiz";
			};
			name = Debug;
		};
		2B9596902A627F7B00C58E72 /* Release */ = {
			isa = XCBuildConfiguration;
			buildSettings = {
				ALWAYS_EMBED_SWIFT_STANDARD_LIBRARIES = YES;
				BUNDLE_LOADER = "$(TEST_HOST)";
				CODE_SIGN_STYLE = Automatic;
				CURRENT_PROJECT_VERSION = 1;
				GENERATE_INFOPLIST_FILE = YES;
				IPHONEOS_DEPLOYMENT_TARGET = 17.0;
				MARKETING_VERSION = 1.0;
				PRODUCT_BUNDLE_IDENTIFIER = org.QuizTests;
				PRODUCT_NAME = "$(TARGET_NAME)";
				SWIFT_EMIT_LOC_STRINGS = NO;
				SWIFT_VERSION = 5.0;
				TARGETED_DEVICE_FAMILY = "1,2";
				TEST_HOST = "$(BUILT_PRODUCTS_DIR)/Quiz.app/$(BUNDLE_EXECUTABLE_FOLDER_PATH)/Quiz";
			};
			name = Release;
		};
		2B9596922A627F7B00C58E72 /* Debug */ = {
			isa = XCBuildConfiguration;
			buildSettings = {
				ALWAYS_EMBED_SWIFT_STANDARD_LIBRARIES = YES;
				CODE_SIGN_STYLE = Automatic;
				CURRENT_PROJECT_VERSION = 1;
				GENERATE_INFOPLIST_FILE = YES;
				MARKETING_VERSION = 1.0;
				PRODUCT_BUNDLE_IDENTIFIER = org.QuizUITests;
				PRODUCT_NAME = "$(TARGET_NAME)";
				SWIFT_EMIT_LOC_STRINGS = NO;
				SWIFT_VERSION = 5.0;
				TARGETED_DEVICE_FAMILY = "1,2";
				TEST_TARGET_NAME = Quiz;
			};
			name = Debug;
		};
		2B9596932A627F7B00C58E72 /* Release */ = {
			isa = XCBuildConfiguration;
			buildSettings = {
				ALWAYS_EMBED_SWIFT_STANDARD_LIBRARIES = YES;
				CODE_SIGN_STYLE = Automatic;
				CURRENT_PROJECT_VERSION = 1;
				GENERATE_INFOPLIST_FILE = YES;
				MARKETING_VERSION = 1.0;
				PRODUCT_BUNDLE_IDENTIFIER = org.QuizUITests;
				PRODUCT_NAME = "$(TARGET_NAME)";
				SWIFT_EMIT_LOC_STRINGS = NO;
				SWIFT_VERSION = 5.0;
				TARGETED_DEVICE_FAMILY = "1,2";
				TEST_TARGET_NAME = Quiz;
			};
			name = Release;
		};
/* End XCBuildConfiguration section */

/* Begin XCConfigurationList section */
		2B9596622A627F7900C58E72 /* Build configuration list for PBXProject "Quiz" */ = {
			isa = XCConfigurationList;
			buildConfigurations = (
				2B9596892A627F7B00C58E72 /* Debug */,
				2B95968A2A627F7B00C58E72 /* Release */,
			);
			defaultConfigurationIsVisible = 0;
			defaultConfigurationName = Release;
		};
		2B95968B2A627F7B00C58E72 /* Build configuration list for PBXNativeTarget "Quiz" */ = {
			isa = XCConfigurationList;
			buildConfigurations = (
				2B95968C2A627F7B00C58E72 /* Debug */,
				2B95968D2A627F7B00C58E72 /* Release */,
			);
			defaultConfigurationIsVisible = 0;
			defaultConfigurationName = Release;
		};
		2B95968E2A627F7B00C58E72 /* Build configuration list for PBXNativeTarget "QuizTests" */ = {
			isa = XCConfigurationList;
			buildConfigurations = (
				2B95968F2A627F7B00C58E72 /* Debug */,
				2B9596902A627F7B00C58E72 /* Release */,
			);
			defaultConfigurationIsVisible = 0;
			defaultConfigurationName = Release;
		};
		2B9596912A627F7B00C58E72 /* Build configuration list for PBXNativeTarget "QuizUITests" */ = {
			isa = XCConfigurationList;
			buildConfigurations = (
				2B9596922A627F7B00C58E72 /* Debug */,
				2B9596932A627F7B00C58E72 /* Release */,
			);
			defaultConfigurationIsVisible = 0;
			defaultConfigurationName = Release;
		};
/* End XCConfigurationList section */
	};
	rootObject = 2B95965F2A627F7900C58E72 /* Project object */;
}
